
Microsoft Visual Studio Solution File, Format Version 12.00
# Visual Studio Version 17
VisualStudioVersion = 17.3.32929.385
MinimumVisualStudioVersion = 10.0.40219.1
Project("{8BC9CEB8-8B4A-11D0-8D11-00A0C91BC942}") = "hh", "hh\hh.vcxproj", "{131F7B8C-19AA-42AF-81B6-30ABFD34CA0B}"
EndProject
Global
	GlobalSection(SolutionConfigurationPlatforms) = preSolution
		Debug|x64 = Debug|x64
		Debug|x86 = Debug|x86
		Release|x64 = Release|x64
		Release|x86 = Release|x86
	EndGlobalSection
	GlobalSection(ProjectConfigurationPlatforms) = postSolution
		{131F7B8C-19AA-42AF-81B6-30ABFD34CA0B}.Debug|x64.ActiveCfg = Debug|x64
		{131F7B8C-19AA-42AF-81B6-30ABFD34CA0B}.Debug|x64.Build.0 = Debug|x64
		{131F7B8C-19AA-42AF-81B6-30ABFD34CA0B}.Debug|x86.ActiveCfg = Debug|Win32
		{131F7B8C-19AA-42AF-81B6-30ABFD34CA0B}.Debug|x86.Build.0 = Debug|Win32
		{131F7B8C-19AA-42AF-81B6-30ABFD34CA0B}.Release|x64.ActiveCfg = Release|x64
		{131F7B8C-19AA-42AF-81B6-30ABFD34CA0B}.Release|x64.Build.0 = Release|x64
		{131F7B8C-19AA-42AF-81B6-30ABFD34CA0B}.Release|x86.ActiveCfg = Release|Win32
		{131F7B8C-19AA-42AF-81B6-30ABFD34CA0B}.Release|x86.Build.0 = Release|Win32
	EndGlobalSection
	GlobalSection(SolutionProperties) = preSolution
		HideSolutionNode = FALSE
	EndGlobalSection
	GlobalSection(ExtensibilityGlobals) = postSolution
		SolutionGuid = {B308C440-29AC-4F16-BAD9-5DBC5B0AA5F6}
	EndGlobalSection
EndGlobal
